lockfileVersion: '9.0'

settings:
  autoInstallPeers: true
  excludeLinksFromLockfile: false

importers:

  .:
    dependencies:
      '@fontsource-variable/ibm-plex-sans':
        specifier: 5.3.0
        version: 5.3.0
      katex:
        specifier: 0.18.1
        version: 0.18.1

packages:

  '@fontsource-variable/ibm-plex-sans@5.3.0':
    resolution: {integrity: sha512-agG8tXFEo0hD9+J7npa4vbbWult52eMLVaQ6WQRlhs/iCAojrMAoejru85W9HTVXHfyUj96KM7gp/KGAS87XaQ==}

  commander@8.3.0:
    resolution: {integrity: sha512-OkTL9umf+He2DZkUq8f8J9of7yL6RJKI24dVITBmNfZBmri9zYZQrKkuXiKhyfPSu8tUhnVBB1iKXevvnlR4Ww==}
    engines: {node: '>= 12'}

  katex@0.18.1:
    resolution: {integrity: sha512-Td8GCYSxDAoMhHOlKmCFMJ/hz5qlAAb71n66Dryw9nfCVfumLo7nhuotbvKom/XPADmrYC3O5QR71EPq4DarJQ==}
    hasBin: true

snapshots:

  '@fontsource-variable/ibm-plex-sans@5.3.0': {}

  commander@8.3.0: {}

  katex@0.18.1:
    dependencies:
      commander: 8.3.0
